
Microsoft Visual Studio Solution File, Format Version 12.00
# Visual Studio Version 17
VisualStudioVersion = 17.5.002.0
MinimumVisualStudioVersion = 10.0.40219.1
Project("{2150E333-8FDC-42A3-9474-1A3956D46DE8}") = "template", "template", "{7E216DFD-8A33-4EB8-A4E8-460AF2925990}"
EndProject
Project("{2150E333-8FDC-42A3-9474-1A3956D46DE8}") = "content", "content", "{79CB706C-44D1-4348-9FC8-386E9EC32F5B}"
EndProject
Project("{9A19103F-16F7-4668-BE54-9A1E7A4F7556}") = "Server", "template\content\Server\Server.csproj", "{FEDF0BBD-22E3-48E0-AC10-53D0BE89F186}"
EndProject
Project("{9A19103F-16F7-4668-BE54-9A1E7A4F7556}") = "Server.Tests", "template\content\Server.Tests\Server.Tests.csproj", "{DDB4B44E-D3AD-4DA0-995A-DEDC82668ECA}"
EndProject
Project("{2150E333-8FDC-42A3-9474-1A3956D46DE8}") = "eng", "eng", "{4D23E89B-EECA-435C-8409-EEDECAFCCC05}"
EndProject
Project("{9A19103F-16F7-4668-BE54-9A1E7A4F7556}") = "pnpm-install", "template\content\eng\pnpm\pnpm-install.csproj", "{7A56CCBC-C3A3-4C04-A7B3-68A9C6EA7993}"
EndProject
Global
	GlobalSection(SolutionConfigurationPlatforms) = preSolution
		Debug|Any CPU = Debug|Any CPU
		Release|Any CPU = Release|Any CPU
	EndGlobalSection
	GlobalSection(ProjectConfigurationPlatforms) = postSolution
		{FEDF0BBD-22E3-48E0-AC10-53D0BE89F186}.Debug|Any CPU.ActiveCfg = Debug|Any CPU
		{FEDF0BBD-22E3-48E0-AC10-53D0BE89F186}.Debug|Any CPU.Build.0 = Debug|Any CPU
		{FEDF0BBD-22E3-48E0-AC10-53D0BE89F186}.Release|Any CPU.ActiveCfg = Release|Any CPU
		{FEDF0BBD-22E3-48E0-AC10-53D0BE89F186}.Release|Any CPU.Build.0 = Release|Any CPU
		{DDB4B44E-D3AD-4DA0-995A-DEDC82668ECA}.Debug|Any CPU.ActiveCfg = Debug|Any CPU
		{DDB4B44E-D3AD-4DA0-995A-DEDC82668ECA}.Debug|Any CPU.Build.0 = Debug|Any CPU
		{DDB4B44E-D3AD-4DA0-995A-DEDC82668ECA}.Release|Any CPU.ActiveCfg = Release|Any CPU
		{DDB4B44E-D3AD-4DA0-995A-DEDC82668ECA}.Release|Any CPU.Build.0 = Release|Any CPU
		{7A56CCBC-C3A3-4C04-A7B3-68A9C6EA7993}.Debug|Any CPU.ActiveCfg = Debug|Any CPU
		{7A56CCBC-C3A3-4C04-A7B3-68A9C6EA7993}.Debug|Any CPU.Build.0 = Debug|Any CPU
		{7A56CCBC-C3A3-4C04-A7B3-68A9C6EA7993}.Release|Any CPU.ActiveCfg = Release|Any CPU
		{7A56CCBC-C3A3-4C04-A7B3-68A9C6EA7993}.Release|Any CPU.Build.0 = Release|Any CPU
	EndGlobalSection
	GlobalSection(SolutionProperties) = preSolution
		HideSolutionNode = FALSE
	EndGlobalSection
	GlobalSection(NestedProjects) = preSolution
		{79CB706C-44D1-4348-9FC8-386E9EC32F5B} = {7E216DFD-8A33-4EB8-A4E8-460AF2925990}
		{FEDF0BBD-22E3-48E0-AC10-53D0BE89F186} = {79CB706C-44D1-4348-9FC8-386E9EC32F5B}
		{DDB4B44E-D3AD-4DA0-995A-DEDC82668ECA} = {79CB706C-44D1-4348-9FC8-386E9EC32F5B}
		{4D23E89B-EECA-435C-8409-EEDECAFCCC05} = {79CB706C-44D1-4348-9FC8-386E9EC32F5B}
		{7A56CCBC-C3A3-4C04-A7B3-68A9C6EA7993} = {4D23E89B-EECA-435C-8409-EEDECAFCCC05}
	EndGlobalSection
	GlobalSection(ExtensibilityGlobals) = postSolution
		SolutionGuid = {0558F86A-A00C-46D4-B2A7-EE6F10596756}
	EndGlobalSection
EndGlobal
