
Microsoft Visual Studio Solution File, Format Version 12.00
# Visual Studio Version 17
VisualStudioVersion = 17.0.31903.59
MinimumVisualStudioVersion = 10.0.40219.1
Project("{FAE04EC0-301F-11D3-BF4B-00C04F79EFBC}") = "DeKreyConsulting.Templates.CompleteDotnetReactSpa", "template\DeKreyConsulting.Templates.CompleteDotnetReactSpa.csproj", "{DAAA03D0-EF02-4416-A898-7F4159AB04F5}"
EndProject
Global
	GlobalSection(SolutionConfigurationPlatforms) = preSolution
		Debug|Any CPU = Debug|Any CPU
		Release|Any CPU = Release|Any CPU
	EndGlobalSection
	GlobalSection(SolutionProperties) = preSolution
		HideSolutionNode = FALSE
	EndGlobalSection
	GlobalSection(ProjectConfigurationPlatforms) = postSolution
		{DAAA03D0-EF02-4416-A898-7F4159AB04F5}.Debug|Any CPU.ActiveCfg = Debug|Any CPU
		{DAAA03D0-EF02-4416-A898-7F4159AB04F5}.Debug|Any CPU.Build.0 = Debug|Any CPU
		{DAAA03D0-EF02-4416-A898-7F4159AB04F5}.Release|Any CPU.ActiveCfg = Release|Any CPU
		{DAAA03D0-EF02-4416-A898-7F4159AB04F5}.Release|Any CPU.Build.0 = Release|Any CPU
	EndGlobalSection
EndGlobal
